// !$*UTF8*$!
{
	archiveVersion = 1;
	classes = {
	};
	objectVersion = 63;
	objects = {

/* Begin PBXBuildFile section */
		01E6229365B8CA5154340C17 /* DocumentModels.swift in Sources */ = {isa = PBXBuildFile; fileRef = 625D8A15ADE34387FD7CF0A6 /* DocumentModels.swift */; };
		0C41989E5524138F8D162A74 /* AuthenticationView.swift in Sources */ = {isa = PBXBuildFile; fileRef = FE0D0E087CC6C308B2823831 /* AuthenticationView.swift */; };
		0E8AFAA623B90EE30AE20761 /* KeychainAccess in Frameworks */ = {isa = PBXBuildFile; productRef = B4FE8087ECD88C6C2685D9E4 /* KeychainAccess */; };
		1603D77FB6A41EF21D6BB7C0 /* Montserrat-ExtraLight.ttf in Resources */ = {isa = PBXBuildFile; fileRef = 82696CAC8C6F1B380E8DAF4C /* Montserrat-ExtraLight.ttf */; };
		17995C69E3C64492AC6B3FBA /* Montserrat-BlackItalic.ttf in Resources */ = {isa = PBXBuildFile; fileRef = F309AEFCEB8585BDBEA20AB8 /* Montserrat-BlackItalic.ttf */; };
		18C071534BF342D42D62A051 /* SupabaseConfig.swift in Sources */ = {isa = PBXBuildFile; fileRef = EE01593B54DB36BFDE1D3DE4 /* SupabaseConfig.swift */; };
		1ED84EF007EF89A3041EED10 /* PortfolioService.swift in Sources */ = {isa = PBXBuildFile; fileRef = 27D96F0FCD93FBE6877B49CB /* PortfolioService.swift */; };
		1EF9D268D6D58DAC45D5D1AA /* Montserrat-BoldItalic.ttf in Resources */ = {isa = PBXBuildFile; fileRef = 3F6D730E83B8B90C8010C1DB /* Montserrat-BoldItalic.ttf */; };
		224B5CDAE0A5519822EA67FC /* Montserrat-SemiBoldItalic.ttf in Resources */ = {isa = PBXBuildFile; fileRef = A521C3749D0238546B4F2152 /* Montserrat-SemiBoldItalic.ttf */; };
		27355EA769DDAB39639A1AA1 /* ViewModels.swift in Sources */ = {isa = PBXBuildFile; fileRef = 077E1DD5D78BF497638FE6EA /* ViewModels.swift */; };
		328943988EE57B5CDB6FA8F8 /* Montserrat-ExtraBoldItalic.ttf in Resources */ = {isa = PBXBuildFile; fileRef = 253F5277CAD7A0CD831600AE /* Montserrat-ExtraBoldItalic.ttf */; };
		35BBDADC863C11B851A527B7 /* CoreDataModel.swift in Sources */ = {isa = PBXBuildFile; fileRef = 354D98DCE9563C8CE8CF9DCF /* CoreDataModel.swift */; };
		3C6E0BFA2E9692DC00099C89 /* supabase.cer in Resources */ = {isa = PBXBuildFile; fileRef = 3C6E0BF92E9692DC00099C89 /* supabase.cer */; };
		3DDB469A8851755CDB447A25 /* DGCharts in Frameworks */ = {isa = PBXBuildFile; productRef = E5A92F73298524719439669E /* DGCharts */; };
		46A9D0D948A6867C6337AD58 /* IndigoInvestorApp.swift in Sources */ = {isa = PBXBuildFile; fileRef = 951987BE5295E8BF0116EC1C /* IndigoInvestorApp.swift */; };
		49420F85B4525F5198B426C4 /* AuthService.swift in Sources */ = {isa = PBXBuildFile; fileRef = 40023F5C2FFD488B692181E7 /* AuthService.swift */; };
		61679E6B08BC29192AE54151 /* Montserrat-Light.ttf in Resources */ = {isa = PBXBuildFile; fileRef = 446AE8A4C61B229F4AD938AB /* Montserrat-Light.ttf */; };
		6221EAE1AA0729ECC47C3B9B /* Montserrat-Italic.ttf in Resources */ = {isa = PBXBuildFile; fileRef = 02158F649ABBA2A45DF62261 /* Montserrat-Italic.ttf */; };
		62F48CD44752C0F04584E68C /* Montserrat-ThinItalic.ttf in Resources */ = {isa = PBXBuildFile; fileRef = 4B23374C4BFA183267D5737F /* Montserrat-ThinItalic.ttf */; };
		68EA748913FADB9D8A288049 /* DashboardViewModel.swift in Sources */ = {isa = PBXBuildFile; fileRef = A659650CFB721C1ECC410F84 /* DashboardViewModel.swift */; };
		696D4AE1DD5115C62340B54D /* CoreDataStack.swift in Sources */ = {isa = PBXBuildFile; fileRef = 66CB012D2C69911F475C5D25 /* CoreDataStack.swift */; };
		7420FB3493CE3C6BECB2659E /* Montserrat-ExtraBold.ttf in Resources */ = {isa = PBXBuildFile; fileRef = 91EC42D61EF8730EB8A0DB63 /* Montserrat-ExtraBold.ttf */; };
		742842F380F4C0036D330230 /* AuthViewModel.swift in Sources */ = {isa = PBXBuildFile; fileRef = 135ACEF8377F849B0E36684B /* AuthViewModel.swift */; };
		7428F05A50765F382797FA9E /* Montserrat-SemiBold.ttf in Resources */ = {isa = PBXBuildFile; fileRef = 0A513A61081B1CBE16C8326B /* Montserrat-SemiBold.ttf */; };
		74EFE91E3108971BB16203C5 /* ServiceProtocols.swift in Sources */ = {isa = PBXBuildFile; fileRef = D043A505E34894470ABCCFE9 /* ServiceProtocols.swift */; };
		7BE344DEF1C9EE0E7DB919B1 /* Repositories.swift in Sources */ = {isa = PBXBuildFile; fileRef = BC96E1C4E6D379D3B7E7DF04 /* Repositories.swift */; };
		7EE45D5C7316446F3D1AE5E5 /* Montserrat-Medium.ttf in Resources */ = {isa = PBXBuildFile; fileRef = F1661647F98A71C7B8973451 /* Montserrat-Medium.ttf */; };
		85518E3BC238205C66220FEA /* ServiceLocator.swift in Sources */ = {isa = PBXBuildFile; fileRef = 551BFC96C38228D3B6196E27 /* ServiceLocator.swift */; };
		891BBC0C435EA6A583BDC840 /* DashboardView.swift in Sources */ = {isa = PBXBuildFile; fileRef = A133BA85E50755E8FC2E6479 /* DashboardView.swift */; };
		91ED76AC61071D005C2AC0D1 /* PlaceholderViews.swift in Sources */ = {isa = PBXBuildFile; fileRef = F9520784DE730879C150EB72 /* PlaceholderViews.swift */; };
		99DE2DF88DABAC4F343F9D1B /* BiometricAuthManager.swift in Sources */ = {isa = PBXBuildFile; fileRef = 9CAD2080143DC9067C853FAD /* BiometricAuthManager.swift */; };
		9B13E8DC84BB2C1CF5C4A820 /* PushNotificationManager.swift in Sources */ = {isa = PBXBuildFile; fileRef = 42720E5F4BBDEB71F5C7D600 /* PushNotificationManager.swift */; };
		9EAC1AD80CF418A747AAC977 /* KeychainManager.swift in Sources */ = {isa = PBXBuildFile; fileRef = 3BD83474EE4ACD4891E8CE78 /* KeychainManager.swift */; };
		A29837E19AE947F4EC57508E /* Montserrat-MediumItalic.ttf in Resources */ = {isa = PBXBuildFile; fileRef = 33B2FE4A6BF0293CA8BBCE9E /* Montserrat-MediumItalic.ttf */; };
		B92E9FF931A580E7726326FD /* Montserrat-LightItalic.ttf in Resources */ = {isa = PBXBuildFile; fileRef = AA64146DA0870B4A02E149E2 /* Montserrat-LightItalic.ttf */; };
		B94947FF5903F115A9B7B6B8 /* Montserrat-Thin.ttf in Resources */ = {isa = PBXBuildFile; fileRef = 598664F42A7FF8AEC8576C11 /* Montserrat-Thin.ttf */; };
		BDF3FA1079D79EA7FD37283F /* RootView.swift in Sources */ = {isa = PBXBuildFile; fileRef = ADDADB3F5657362D503B3D36 /* RootView.swift */; };
		C7720649C15322BC4A9A6BDC /* AdditionalServices.swift in Sources */ = {isa = PBXBuildFile; fileRef = 0278928A83A8AFD424A490FC /* AdditionalServices.swift */; };
		CB1F85697AC0260B46588DDA /* Supabase in Frameworks */ = {isa = PBXBuildFile; productRef = D7BC3BE765832F9C2DB15A80 /* Supabase */; };
		CBB66B673254CD249D58599F /* Montserrat-Black.ttf in Resources */ = {isa = PBXBuildFile; fileRef = A75AAED2F4062BF6E48A322E /* Montserrat-Black.ttf */; };
		DFE2388AFE645EB686AA4D29 /* Types.swift in Sources */ = {isa = PBXBuildFile; fileRef = 30726D86AACD8AE9D2B801F3 /* Types.swift */; };
		E4D0387522C18EFF19F7642E /* Montserrat-Bold.ttf in Resources */ = {isa = PBXBuildFile; fileRef = 52424C666DAEE28841773591 /* Montserrat-Bold.ttf */; };
		E7256267C8DB1D5D20E625D1 /* Montserrat-ExtraLightItalic.ttf in Resources */ = {isa = PBXBuildFile; fileRef = 9D3318D50B6D597522995CE0 /* Montserrat-ExtraLightItalic.ttf */; };
		F015996CD3224DCE1B79D391 /* Kingfisher in Frameworks */ = {isa = PBXBuildFile; productRef = 3FBC6AEB837032081F74388B /* Kingfisher */; };
		F25CA4426F66EE7B416AC175 /* Montserrat-Regular.ttf in Resources */ = {isa = PBXBuildFile; fileRef = 9BA8F45F34E8E42BE9B5B546 /* Montserrat-Regular.ttf */; };
		FF3B3788B7D6D4B0B3CA04AD /* Portfolio.swift in Sources */ = {isa = PBXBuildFile; fileRef = B830443C8A20580A22B6AD52 /* Portfolio.swift */; };
		FF98A49DECAD558D69DCFAAA /* NetworkMonitor.swift in Sources */ = {isa = PBXBuildFile; fileRef = 791D439FCB2519B9BB497B79 /* NetworkMonitor.swift */; };
/* End PBXBuildFile section */

/* Begin PBXFileReference section */
		02158F649ABBA2A45DF62261 /* Montserrat-Italic.ttf */ = {isa = PBXFileReference; includeInIndex = 1; lastKnownFileType = text; path = "Montserrat-Italic.ttf"; sourceTree = "<group>"; };
		0278928A83A8AFD424A490FC /* AdditionalServices.swift */ = {isa = PBXFileReference; includeInIndex = 1; lastKnownFileType = sourcecode.swift; path = AdditionalServices.swift; sourceTree = "<group>"; };
		077E1DD5D78BF497638FE6EA /* ViewModels.swift */ = {isa = PBXFileReference; includeInIndex = 1; lastKnownFileType = sourcecode.swift; path = ViewModels.swift; sourceTree = "<group>"; };
		0A513A61081B1CBE16C8326B /* Montserrat-SemiBold.ttf */ = {isa = PBXFileReference; includeInIndex = 1; lastKnownFileType = text; path = "Montserrat-SemiBold.ttf"; sourceTree = "<group>"; };
		135ACEF8377F849B0E36684B /* AuthViewModel.swift */ = {isa = PBXFileReference; lastKnownFileType = sourcecode.swift; path = AuthViewModel.swift; sourceTree = "<group>"; };
		253F5277CAD7A0CD831600AE /* Montserrat-ExtraBoldItalic.ttf */ = {isa = PBXFileReference; includeInIndex = 1; lastKnownFileType = text; path = "Montserrat-ExtraBoldItalic.ttf"; sourceTree = "<group>"; };
		27D96F0FCD93FBE6877B49CB /* PortfolioService.swift */ = {isa = PBXFileReference; includeInIndex = 1; lastKnownFileType = sourcecode.swift; path = PortfolioService.swift; sourceTree = "<group>"; };
		30726D86AACD8AE9D2B801F3 /* Types.swift */ = {isa = PBXFileReference; includeInIndex = 1; lastKnownFileType = sourcecode.swift; path = Types.swift; sourceTree = "<group>"; };
		33B2FE4A6BF0293CA8BBCE9E /* Montserrat-MediumItalic.ttf */ = {isa = PBXFileReference; includeInIndex = 1; lastKnownFileType = text; path = "Montserrat-MediumItalic.ttf"; sourceTree = "<group>"; };
		354D98DCE9563C8CE8CF9DCF /* CoreDataModel.swift */ = {isa = PBXFileReference; includeInIndex = 1; lastKnownFileType = sourcecode.swift; name = CoreDataModel.swift; path = IndigoInvestor/Core/Data/CoreDataModel.swift; sourceTree = SOURCE_ROOT; };
		3BD83474EE4ACD4891E8CE78 /* KeychainManager.swift */ = {isa = PBXFileReference; lastKnownFileType = sourcecode.swift; path = KeychainManager.swift; sourceTree = "<group>"; };
		3C6E0BF92E9692DC00099C89 /* supabase.cer */ = {isa = PBXFileReference; lastKnownFileType = file; name = supabase.cer; path = IndigoInvestor/Resources/Certificates/supabase.cer; sourceTree = "<group>"; };
		3F6D730E83B8B90C8010C1DB /* Montserrat-BoldItalic.ttf */ = {isa = PBXFileReference; includeInIndex = 1; lastKnownFileType = text; path = "Montserrat-BoldItalic.ttf"; sourceTree = "<group>"; };
		40023F5C2FFD488B692181E7 /* AuthService.swift */ = {isa = PBXFileReference; includeInIndex = 1; lastKnownFileType = sourcecode.swift; path = AuthService.swift; sourceTree = "<group>"; };
		42720E5F4BBDEB71F5C7D600 /* PushNotificationManager.swift */ = {isa = PBXFileReference; includeInIndex = 1; lastKnownFileType = sourcecode.swift; path = PushNotificationManager.swift; sourceTree = "<group>"; };
		446AE8A4C61B229F4AD938AB /* Montserrat-Light.ttf */ = {isa = PBXFileReference; includeInIndex = 1; lastKnownFileType = text; path = "Montserrat-Light.ttf"; sourceTree = "<group>"; };
		4B23374C4BFA183267D5737F /* Montserrat-ThinItalic.ttf */ = {isa = PBXFileReference; includeInIndex = 1; lastKnownFileType = text; path = "Montserrat-ThinItalic.ttf"; sourceTree = "<group>"; };
		4EA401C187F5CBBFDA194FD2 /* IndigoInvestor.app */ = {isa = PBXFileReference; explicitFileType = wrapper.application; includeInIndex = 0; path = IndigoInvestor.app; sourceTree = BUILT_PRODUCTS_DIR; };
		52424C666DAEE28841773591 /* Montserrat-Bold.ttf */ = {isa = PBXFileReference; includeInIndex = 1; lastKnownFileType = text; path = "Montserrat-Bold.ttf"; sourceTree = "<group>"; };
		551BFC96C38228D3B6196E27 /* ServiceLocator.swift */ = {isa = PBXFileReference; lastKnownFileType = sourcecode.swift; path = ServiceLocator.swift; sourceTree = "<group>"; };
		598664F42A7FF8AEC8576C11 /* Montserrat-Thin.ttf */ = {isa = PBXFileReference; includeInIndex = 1; lastKnownFileType = text; path = "Montserrat-Thin.ttf"; sourceTree = "<group>"; };
		625D8A15ADE34387FD7CF0A6 /* DocumentModels.swift */ = {isa = PBXFileReference; includeInIndex = 1; lastKnownFileType = sourcecode.swift; path = DocumentModels.swift; sourceTree = "<group>"; };
		66CB012D2C69911F475C5D25 /* CoreDataStack.swift */ = {isa = PBXFileReference; includeInIndex = 1; lastKnownFileType = sourcecode.swift; path = CoreDataStack.swift; sourceTree = "<group>"; };
		6F3360526DCA9409BCCFA856 /* Info.plist */ = {isa = PBXFileReference; lastKnownFileType = text.plist; path = Info.plist; sourceTree = "<group>"; };
		791D439FCB2519B9BB497B79 /* NetworkMonitor.swift */ = {isa = PBXFileReference; includeInIndex = 1; lastKnownFileType = sourcecode.swift; path = NetworkMonitor.swift; sourceTree = "<group>"; };
		82696CAC8C6F1B380E8DAF4C /* Montserrat-ExtraLight.ttf */ = {isa = PBXFileReference; includeInIndex = 1; lastKnownFileType = text; path = "Montserrat-ExtraLight.ttf"; sourceTree = "<group>"; };
		91EC42D61EF8730EB8A0DB63 /* Montserrat-ExtraBold.ttf */ = {isa = PBXFileReference; includeInIndex = 1; lastKnownFileType = text; path = "Montserrat-ExtraBold.ttf"; sourceTree = "<group>"; };
		951987BE5295E8BF0116EC1C /* IndigoInvestorApp.swift */ = {isa = PBXFileReference; lastKnownFileType = sourcecode.swift; path = IndigoInvestorApp.swift; sourceTree = "<group>"; };
		9BA8F45F34E8E42BE9B5B546 /* Montserrat-Regular.ttf */ = {isa = PBXFileReference; includeInIndex = 1; lastKnownFileType = text; path = "Montserrat-Regular.ttf"; sourceTree = "<group>"; };
		9CAD2080143DC9067C853FAD /* BiometricAuthManager.swift */ = {isa = PBXFileReference; lastKnownFileType = sourcecode.swift; path = BiometricAuthManager.swift; sourceTree = "<group>"; };
		9D3318D50B6D597522995CE0 /* Montserrat-ExtraLightItalic.ttf */ = {isa = PBXFileReference; includeInIndex = 1; lastKnownFileType = text; path = "Montserrat-ExtraLightItalic.ttf"; sourceTree = "<group>"; };
		A133BA85E50755E8FC2E6479 /* DashboardView.swift */ = {isa = PBXFileReference; lastKnownFileType = sourcecode.swift; path = DashboardView.swift; sourceTree = "<group>"; };
		A521C3749D0238546B4F2152 /* Montserrat-SemiBoldItalic.ttf */ = {isa = PBXFileReference; includeInIndex = 1; lastKnownFileType = text; path = "Montserrat-SemiBoldItalic.ttf"; sourceTree = "<group>"; };
		A659650CFB721C1ECC410F84 /* DashboardViewModel.swift */ = {isa = PBXFileReference; includeInIndex = 1; lastKnownFileType = sourcecode.swift; path = DashboardViewModel.swift; sourceTree = "<group>"; };
		A75AAED2F4062BF6E48A322E /* Montserrat-Black.ttf */ = {isa = PBXFileReference; includeInIndex = 1; lastKnownFileType = text; path = "Montserrat-Black.ttf"; sourceTree = "<group>"; };
		AA64146DA0870B4A02E149E2 /* Montserrat-LightItalic.ttf */ = {isa = PBXFileReference; includeInIndex = 1; lastKnownFileType = text; path = "Montserrat-LightItalic.ttf"; sourceTree = "<group>"; };
		ADDADB3F5657362D503B3D36 /* RootView.swift */ = {isa = PBXFileReference; lastKnownFileType = sourcecode.swift; path = RootView.swift; sourceTree = "<group>"; };
		B1B2C3D4E5F6789012345678 /* Config/Debug.xcconfig */ = {isa = PBXFileReference; lastKnownFileType = text.xcconfig; path = Config/Debug.xcconfig; sourceTree = "<group>"; };
		B1B2C3D4E5F6789012345679 /* Config/Release.xcconfig */ = {isa = PBXFileReference; lastKnownFileType = text.xcconfig; path = Config/Release.xcconfig; sourceTree = "<group>"; };
		B830443C8A20580A22B6AD52 /* Portfolio.swift */ = {isa = PBXFileReference; lastKnownFileType = sourcecode.swift; path = Portfolio.swift; sourceTree = "<group>"; };
		BC96E1C4E6D379D3B7E7DF04 /* Repositories.swift */ = {isa = PBXFileReference; includeInIndex = 1; lastKnownFileType = sourcecode.swift; path = Repositories.swift; sourceTree = "<group>"; };
		D043A505E34894470ABCCFE9 /* ServiceProtocols.swift */ = {isa = PBXFileReference; includeInIndex = 1; lastKnownFileType = sourcecode.swift; path = ServiceProtocols.swift; sourceTree = "<group>"; };
		EE01593B54DB36BFDE1D3DE4 /* SupabaseConfig.swift */ = {isa = PBXFileReference; lastKnownFileType = sourcecode.swift; path = SupabaseConfig.swift; sourceTree = "<group>"; };
		F1661647F98A71C7B8973451 /* Montserrat-Medium.ttf */ = {isa = PBXFileReference; includeInIndex = 1; lastKnownFileType = text; path = "Montserrat-Medium.ttf"; sourceTree = "<group>"; };
		F309AEFCEB8585BDBEA20AB8 /* Montserrat-BlackItalic.ttf */ = {isa = PBXFileReference; includeInIndex = 1; lastKnownFileType = text; path = "Montserrat-BlackItalic.ttf"; sourceTree = "<group>"; };
		F9520784DE730879C150EB72 /* PlaceholderViews.swift */ = {isa = PBXFileReference; lastKnownFileType = sourcecode.swift; path = PlaceholderViews.swift; sourceTree = "<group>"; };
		FE0D0E087CC6C308B2823831 /* AuthenticationView.swift */ = {isa = PBXFileReference; lastKnownFileType = sourcecode.swift; path = AuthenticationView.swift; sourceTree = "<group>"; };
/* End PBXFileReference section */

/* Begin PBXFrameworksBuildPhase section */
		3A5CECC19DFB37ACBC525637 /* Frameworks */ = {
			isa = PBXFrameworksBuildPhase;
			buildActionMask = 2147483647;
			files = (
				CB1F85697AC0260B46588DDA /* Supabase in Frameworks */,
				3DDB469A8851755CDB447A25 /* DGCharts in Frameworks */,
				F015996CD3224DCE1B79D391 /* Kingfisher in Frameworks */,
				0E8AFAA623B90EE30AE20761 /* KeychainAccess in Frameworks */,
			);
			runOnlyForDeploymentPostprocessing = 0;
		};
/* End PBXFrameworksBuildPhase section */

/* Begin PBXGroup section */
		0152E34C26770BD63281D18A /* ViewModels */ = {
			isa = PBXGroup;
			children = (
				135ACEF8377F849B0E36684B /* AuthViewModel.swift */,
				077E1DD5D78BF497638FE6EA /* ViewModels.swift */,
				A659650CFB721C1ECC410F84 /* DashboardViewModel.swift */,
			);
			path = ViewModels;
			sourceTree = "<group>";
		};
		02025D3B4BC465B3141F098A /* Views */ = {
			isa = PBXGroup;
			children = (
				F9520784DE730879C150EB72 /* PlaceholderViews.swift */,
				ADDADB3F5657362D503B3D36 /* RootView.swift */,
				22CB01DAFA71C6C2FF6CC7AD /* Authentication */,
				3260E3C4914D43BE9EE9A4CD /* Dashboard */,
			);
			path = Views;
			sourceTree = "<group>";
		};
		0DED1EAA4CDD0DDC8455469F /* Services */ = {
			isa = PBXGroup;
			children = (
				40023F5C2FFD488B692181E7 /* AuthService.swift */,
				27D96F0FCD93FBE6877B49CB /* PortfolioService.swift */,
				0278928A83A8AFD424A490FC /* AdditionalServices.swift */,
				42720E5F4BBDEB71F5C7D600 /* PushNotificationManager.swift */,
				D043A505E34894470ABCCFE9 /* ServiceProtocols.swift */,
			);
			path = Services;
			sourceTree = "<group>";
		};
		0F5A09FF04C4E6FA47C3E3CA /* Network */ = {
			isa = PBXGroup;
			children = (
				791D439FCB2519B9BB497B79 /* NetworkMonitor.swift */,
			);
			path = Network;
			sourceTree = "<group>";
		};
		1BAE87C792D9F1153A5C6BC8 /* Data */ = {
			isa = PBXGroup;
			children = (
				66CB012D2C69911F475C5D25 /* CoreDataStack.swift */,
			);
			path = Data;
			sourceTree = "<group>";
		};
		20A3C986FAA3B27BD0AAFA7A /* Config */ = {
			isa = PBXGroup;
			children = (
				EE01593B54DB36BFDE1D3DE4 /* SupabaseConfig.swift */,
			);
			path = Config;
			sourceTree = "<group>";
		};
		22CB01DAFA71C6C2FF6CC7AD /* Authentication */ = {
			isa = PBXGroup;
			children = (
				FE0D0E087CC6C308B2823831 /* AuthenticationView.swift */,
			);
			path = Authentication;
			sourceTree = "<group>";
		};
		3260E3C4914D43BE9EE9A4CD /* Dashboard */ = {
			isa = PBXGroup;
			children = (
				A133BA85E50755E8FC2E6479 /* DashboardView.swift */,
			);
			path = Dashboard;
			sourceTree = "<group>";
		};
		3C6E0BF82E96925600099C89 /* Recovered References */ = {
			isa = PBXGroup;
			children = (
				B1B2C3D4E5F6789012345678 /* Config/Debug.xcconfig */,
				B1B2C3D4E5F6789012345679 /* Config/Release.xcconfig */,
			);
			name = "Recovered References";
			sourceTree = "<group>";
		};
		46042F92EAC2E4EA19CCFAE0 /* IndigoInvestor */ = {
			isa = PBXGroup;
			children = (
				6F3360526DCA9409BCCFA856 /* Info.plist */,
				880728F11FA0ADEDF515E045 /* App */,
				20A3C986FAA3B27BD0AAFA7A /* Config */,
				C6E752E5106E8AEBDF8E2617 /* Core */,
				626A51B3E384535FDA3318C0 /* Models */,
				0152E34C26770BD63281D18A /* ViewModels */,
				02025D3B4BC465B3141F098A /* Views */,
				0DED1EAA4CDD0DDC8455469F /* Services */,
				4CE206677B9C194083029BBA /* Repositories */,
				A58AB6B873A9A9CDDB4819C7 /* Core */,
				8E4EAFAF7074C5A4D3C540D7 /* Resources */,
			);
			path = IndigoInvestor;
			sourceTree = "<group>";
		};
		4CE206677B9C194083029BBA /* Repositories */ = {
			isa = PBXGroup;
			children = (
				BC96E1C4E6D379D3B7E7DF04 /* Repositories.swift */,
			);
			path = Repositories;
			sourceTree = "<group>";
		};
		5499AFE7B8852B5301814B50 = {
			isa = PBXGroup;
			children = (
				3C6E0BF92E9692DC00099C89 /* supabase.cer */,
				46042F92EAC2E4EA19CCFAE0 /* IndigoInvestor */,
				DFF23F44038FAAD911E25AA4 /* Products */,
				3C6E0BF82E96925600099C89 /* Recovered References */,
			);
			sourceTree = "<group>";
		};
		626A51B3E384535FDA3318C0 /* Models */ = {
			isa = PBXGroup;
			children = (
				B830443C8A20580A22B6AD52 /* Portfolio.swift */,
				30726D86AACD8AE9D2B801F3 /* Types.swift */,
				625D8A15ADE34387FD7CF0A6 /* DocumentModels.swift */,
			);
			path = Models;
			sourceTree = "<group>";
		};
		876B8E0A3112301E801C4059 /* Fonts */ = {
			isa = PBXGroup;
			children = (
				A75AAED2F4062BF6E48A322E /* Montserrat-Black.ttf */,
				F309AEFCEB8585BDBEA20AB8 /* Montserrat-BlackItalic.ttf */,
				52424C666DAEE28841773591 /* Montserrat-Bold.ttf */,
				3F6D730E83B8B90C8010C1DB /* Montserrat-BoldItalic.ttf */,
				91EC42D61EF8730EB8A0DB63 /* Montserrat-ExtraBold.ttf */,
				253F5277CAD7A0CD831600AE /* Montserrat-ExtraBoldItalic.ttf */,
				82696CAC8C6F1B380E8DAF4C /* Montserrat-ExtraLight.ttf */,
				9D3318D50B6D597522995CE0 /* Montserrat-ExtraLightItalic.ttf */,
				02158F649ABBA2A45DF62261 /* Montserrat-Italic.ttf */,
				446AE8A4C61B229F4AD938AB /* Montserrat-Light.ttf */,
				AA64146DA0870B4A02E149E2 /* Montserrat-LightItalic.ttf */,
				F1661647F98A71C7B8973451 /* Montserrat-Medium.ttf */,
				33B2FE4A6BF0293CA8BBCE9E /* Montserrat-MediumItalic.ttf */,
				9BA8F45F34E8E42BE9B5B546 /* Montserrat-Regular.ttf */,
				0A513A61081B1CBE16C8326B /* Montserrat-SemiBold.ttf */,
				A521C3749D0238546B4F2152 /* Montserrat-SemiBoldItalic.ttf */,
				598664F42A7FF8AEC8576C11 /* Montserrat-Thin.ttf */,
				4B23374C4BFA183267D5737F /* Montserrat-ThinItalic.ttf */,
			);
			name = Fonts;
			sourceTree = "<group>";
		};
		880728F11FA0ADEDF515E045 /* App */ = {
			isa = PBXGroup;
			children = (
				951987BE5295E8BF0116EC1C /* IndigoInvestorApp.swift */,
				551BFC96C38228D3B6196E27 /* ServiceLocator.swift */,
			);
			path = App;
			sourceTree = "<group>";
		};
		8E4EAFAF7074C5A4D3C540D7 /* Resources */ = {
			isa = PBXGroup;
			children = (
				876B8E0A3112301E801C4059 /* Fonts */,
			);
			name = Resources;
			sourceTree = "<group>";
		};
		A58AB6B873A9A9CDDB4819C7 /* Core */ = {
			isa = PBXGroup;
			children = (
				BDBAC1778C687115A685875E /* Data */,
			);
			name = Core;
			sourceTree = "<group>";
		};
		BDBAC1778C687115A685875E /* Data */ = {
			isa = PBXGroup;
			children = (
				354D98DCE9563C8CE8CF9DCF /* CoreDataModel.swift */,
			);
			name = Data;
			sourceTree = "<group>";
		};
		C6E752E5106E8AEBDF8E2617 /* Core */ = {
			isa = PBXGroup;
			children = (
				E4BBFA85029E136476E7CBFC /* Security */,
				1BAE87C792D9F1153A5C6BC8 /* Data */,
				0F5A09FF04C4E6FA47C3E3CA /* Network */,
			);
			path = Core;
			sourceTree = "<group>";
		};
		DFF23F44038FAAD911E25AA4 /* Products */ = {
			isa = PBXGroup;
			children = (
				4EA401C187F5CBBFDA194FD2 /* IndigoInvestor.app */,
			);
			name = Products;
			sourceTree = "<group>";
		};
		E4BBFA85029E136476E7CBFC /* Security */ = {
			isa = PBXGroup;
			children = (
				9CAD2080143DC9067C853FAD /* BiometricAuthManager.swift */,
				3BD83474EE4ACD4891E8CE78 /* KeychainManager.swift */,
			);
			path = Security;
			sourceTree = "<group>";
		};
/* End PBXGroup section */

/* Begin PBXNativeTarget section */
		27E9E71348EF8FEC010EA7E1 /* IndigoInvestor */ = {
			isa = PBXNativeTarget;
			buildConfigurationList = C1431E0CCD0EC16A330E94DD /* Build configuration list for PBXNativeTarget "IndigoInvestor" */;
			buildPhases = (
				E863357BE35EC017736CFBED /* Copy Secrets */,
				31DB31906E36BFD7EB069575 /* Sources */,
				3A5CECC19DFB37ACBC525637 /* Frameworks */,
				DCDBDF42F03C9C9D7F76AD9C /* Resources */,
			);
			buildRules = (
			);
			dependencies = (
			);
			name = IndigoInvestor;
			packageProductDependencies = (
				D7BC3BE765832F9C2DB15A80 /* Supabase */,
				E5A92F73298524719439669E /* DGCharts */,
				3FBC6AEB837032081F74388B /* Kingfisher */,
				B4FE8087ECD88C6C2685D9E4 /* KeychainAccess */,
			);
			productName = IndigoInvestor;
			productReference = 4EA401C187F5CBBFDA194FD2 /* IndigoInvestor.app */;
			productType = "com.apple.product-type.application";
		};
/* End PBXNativeTarget section */

/* Begin PBXProject section */
		E96F7260A8D80B351458192B /* Project object */ = {
			isa = PBXProject;
			attributes = {
				BuildIndependentTargetsInParallel = YES;
				LastUpgradeCheck = 1600;
				TargetAttributes = {
					27E9E71348EF8FEC010EA7E1 = {
						DevelopmentTeam = "";
						ProvisioningStyle = Automatic;
					};
				};
			};
			buildConfigurationList = 686E0881AC385E3AF25AC5F7 /* Build configuration list for PBXProject "IndigoInvestor" */;
			compatibilityVersion = "Xcode 14.0";
			developmentRegion = en;
			hasScannedForEncodings = 0;
			knownRegions = (
				Base,
				en,
			);
			mainGroup = 5499AFE7B8852B5301814B50;
			minimizedProjectReferenceProxies = 1;
			packageReferences = (
				180832E7A52735CF2E57C9BD /* XCRemoteSwiftPackageReference "Charts" */,
				7943423F7D4B897E758E9C86 /* XCRemoteSwiftPackageReference "KeychainAccess" */,
				73579FE95DA49CD72565B18E /* XCRemoteSwiftPackageReference "Kingfisher" */,
				87A5FA2FD1FB333BCF36D3D4 /* XCRemoteSwiftPackageReference "supabase-swift" */,
			);
			productRefGroup = DFF23F44038FAAD911E25AA4 /* Products */;
			projectDirPath = "";
			projectRoot = "";
			targets = (
				27E9E71348EF8FEC010EA7E1 /* IndigoInvestor */,
			);
		};
/* End PBXProject section */

/* Begin PBXResourcesBuildPhase section */
		DCDBDF42F03C9C9D7F76AD9C /* Resources */ = {
			isa = PBXResourcesBuildPhase;
			buildActionMask = 2147483647;
			files = (
				3C6E0BFA2E9692DC00099C89 /* supabase.cer in Resources */,
				CBB66B673254CD249D58599F /* Montserrat-Black.ttf in Resources */,
				17995C69E3C64492AC6B3FBA /* Montserrat-BlackItalic.ttf in Resources */,
				E4D0387522C18EFF19F7642E /* Montserrat-Bold.ttf in Resources */,
				1EF9D268D6D58DAC45D5D1AA /* Montserrat-BoldItalic.ttf in Resources */,
				7420FB3493CE3C6BECB2659E /* Montserrat-ExtraBold.ttf in Resources */,
				328943988EE57B5CDB6FA8F8 /* Montserrat-ExtraBoldItalic.ttf in Resources */,
				1603D77FB6A41EF21D6BB7C0 /* Montserrat-ExtraLight.ttf in Resources */,
				E7256267C8DB1D5D20E625D1 /* Montserrat-ExtraLightItalic.ttf in Resources */,
				6221EAE1AA0729ECC47C3B9B /* Montserrat-Italic.ttf in Resources */,
				61679E6B08BC29192AE54151 /* Montserrat-Light.ttf in Resources */,
				B92E9FF931A580E7726326FD /* Montserrat-LightItalic.ttf in Resources */,
				7EE45D5C7316446F3D1AE5E5 /* Montserrat-Medium.ttf in Resources */,
				A29837E19AE947F4EC57508E /* Montserrat-MediumItalic.ttf in Resources */,
				F25CA4426F66EE7B416AC175 /* Montserrat-Regular.ttf in Resources */,
				7428F05A50765F382797FA9E /* Montserrat-SemiBold.ttf in Resources */,
				224B5CDAE0A5519822EA67FC /* Montserrat-SemiBoldItalic.ttf in Resources */,
				B94947FF5903F115A9B7B6B8 /* Montserrat-Thin.ttf in Resources */,
				62F48CD44752C0F04584E68C /* Montserrat-ThinItalic.ttf in Resources */,
			);
			runOnlyForDeploymentPostprocessing = 0;
		};
/* End PBXResourcesBuildPhase section */

/* Begin PBXShellScriptBuildPhase section */
		E863357BE35EC017736CFBED /* Copy Secrets */ = {
			isa = PBXShellScriptBuildPhase;
			buildActionMask = 2147483647;
			files = (
			);
			inputFileListPaths = (
			);
			inputPaths = (
			);
			name = "Copy Secrets";
			outputFileListPaths = (
			);
			outputPaths = (
			);
			runOnlyForDeploymentPostprocessing = 0;
			shellPath = /bin/sh;
			shellScript = "if [ -f \"${PROJECT_DIR}/Config/Secrets.xcconfig\" ]; then\n  cp \"${PROJECT_DIR}/Config/Secrets.xcconfig\" \"${CONFIGURATION_BUILD_DIR}\"\nfi\n";
		};
/* End PBXShellScriptBuildPhase section */

/* Begin PBXSourcesBuildPhase section */
		31DB31906E36BFD7EB069575 /* Sources */ = {
			isa = PBXSourcesBuildPhase;
			buildActionMask = 2147483647;
			files = (
				742842F380F4C0036D330230 /* AuthViewModel.swift in Sources */,
				0C41989E5524138F8D162A74 /* AuthenticationView.swift in Sources */,
				99DE2DF88DABAC4F343F9D1B /* BiometricAuthManager.swift in Sources */,
				891BBC0C435EA6A583BDC840 /* DashboardView.swift in Sources */,
				46A9D0D948A6867C6337AD58 /* IndigoInvestorApp.swift in Sources */,
				9EAC1AD80CF418A747AAC977 /* KeychainManager.swift in Sources */,
				91ED76AC61071D005C2AC0D1 /* PlaceholderViews.swift in Sources */,
				FF3B3788B7D6D4B0B3CA04AD /* Portfolio.swift in Sources */,
				BDF3FA1079D79EA7FD37283F /* RootView.swift in Sources */,
				85518E3BC238205C66220FEA /* ServiceLocator.swift in Sources */,
				18C071534BF342D42D62A051 /* SupabaseConfig.swift in Sources */,
				49420F85B4525F5198B426C4 /* AuthService.swift in Sources */,
				1ED84EF007EF89A3041EED10 /* PortfolioService.swift in Sources */,
				C7720649C15322BC4A9A6BDC /* AdditionalServices.swift in Sources */,
				9B13E8DC84BB2C1CF5C4A820 /* PushNotificationManager.swift in Sources */,
				7BE344DEF1C9EE0E7DB919B1 /* Repositories.swift in Sources */,
				27355EA769DDAB39639A1AA1 /* ViewModels.swift in Sources */,
				68EA748913FADB9D8A288049 /* DashboardViewModel.swift in Sources */,
				696D4AE1DD5115C62340B54D /* CoreDataStack.swift in Sources */,
				FF98A49DECAD558D69DCFAAA /* NetworkMonitor.swift in Sources */,
				DFE2388AFE645EB686AA4D29 /* Types.swift in Sources */,
				74EFE91E3108971BB16203C5 /* ServiceProtocols.swift in Sources */,
				01E6229365B8CA5154340C17 /* DocumentModels.swift in Sources */,
				35BBDADC863C11B851A527B7 /* CoreDataModel.swift in Sources */,
			);
			runOnlyForDeploymentPostprocessing = 0;
		};
/* End PBXSourcesBuildPhase section */

/* Begin XCBuildConfiguration section */
		0A3E897473A57DC070D45039 /* Debug */ = {
			isa = XCBuildConfiguration;
			baseConfigurationReference = B1B2C3D4E5F6789012345678 /* Config/Debug.xcconfig */;
			buildSettings = {
				ALWAYS_SEARCH_USER_PATHS = NO;
				CLANG_ANALYZER_NONNULL = YES;
				CLANG_ANALYZER_NUMBER_OBJECT_CONVERSION = YES_AGGRESSIVE;
				CLANG_CXX_LANGUAGE_STANDARD = "gnu++14";
				CLANG_CXX_LIBRARY = "libc++";
				CLANG_ENABLE_MODULES = YES;
				CLANG_ENABLE_OBJC_ARC = YES;
				CLANG_ENABLE_OBJC_WEAK = YES;
				CLANG_WARN_BLOCK_CAPTURE_AUTORELEASING = YES;
				CLANG_WARN_BOOL_CONVERSION = YES;
				CLANG_WARN_COMMA = YES;
				CLANG_WARN_CONSTANT_CONVERSION = YES;
				CLANG_WARN_DEPRECATED_OBJC_IMPLEMENTATIONS = YES;
				CLANG_WARN_DIRECT_OBJC_ISA_USAGE = YES_ERROR;
				CLANG_WARN_DOCUMENTATION_COMMENTS = YES;
				CLANG_WARN_EMPTY_BODY = YES;
				CLANG_WARN_ENUM_CONVERSION = YES;
				CLANG_WARN_INFINITE_RECURSION = YES;
				CLANG_WARN_INT_CONVERSION = YES;
				CLANG_WARN_NON_LITERAL_NULL_CONVERSION = YES;
				CLANG_WARN_OBJC_IMPLICIT_RETAIN_SELF = YES;
				CLANG_WARN_OBJC_LITERAL_CONVERSION = YES;
				CLANG_WARN_OBJC_ROOT_CLASS = YES_ERROR;
				CLANG_WARN_QUOTED_INCLUDE_IN_FRAMEWORK_HEADER = YES;
				CLANG_WARN_RANGE_LOOP_ANALYSIS = YES;
				CLANG_WARN_STRICT_PROTOTYPES = YES;
				CLANG_WARN_SUSPICIOUS_MOVE = YES;
				CLANG_WARN_UNGUARDED_AVAILABILITY = YES_AGGRESSIVE;
				CLANG_WARN_UNREACHABLE_CODE = YES;
				CLANG_WARN__DUPLICATE_METHOD_MATCH = YES;
				CODE_SIGN_STYLE = Automatic;
				COPY_PHASE_STRIP = NO;
				CURRENT_PROJECT_VERSION = 1;
				DEBUG_INFORMATION_FORMAT = dwarf;
				DEVELOPMENT_TEAM = "";
				ENABLE_BITCODE = NO;
				ENABLE_STRICT_OBJC_MSGSEND = YES;
				ENABLE_TESTABILITY = YES;
				GCC_C_LANGUAGE_STANDARD = gnu11;
				GCC_DYNAMIC_NO_PIC = NO;
				GCC_NO_COMMON_BLOCKS = YES;
				GCC_OPTIMIZATION_LEVEL = 0;
				GCC_PREPROCESSOR_DEFINITIONS = (
					"$(inherited)",
					"DEBUG=1",
				);
				GCC_WARN_64_TO_32_BIT_CONVERSION = YES;
				GCC_WARN_ABOUT_RETURN_TYPE = YES_ERROR;
				GCC_WARN_UNDECLARED_SELECTOR = YES;
				GCC_WARN_UNINITIALIZED_AUTOS = YES_AGGRESSIVE;
				GCC_WARN_UNUSED_FUNCTION = YES;
				GCC_WARN_UNUSED_VARIABLE = YES;
				IPHONEOS_DEPLOYMENT_TARGET = 15.0;
				MARKETING_VERSION = 1.0.0;
				MTL_ENABLE_DEBUG_INFO = INCLUDE_SOURCE;
				MTL_FAST_MATH = YES;
				ONLY_ACTIVE_ARCH = YES;
				PRODUCT_NAME = IndigoInvestor;
				SDKROOT = iphoneos;
				SWIFT_ACTIVE_COMPILATION_CONDITIONS = DEBUG;
				SWIFT_OPTIMIZATION_LEVEL = "-Onone";
				SWIFT_VERSION = 5.9;
				WATCHOS_DEPLOYMENT_TARGET = 9.0;
			};
			name = Debug;
		};
		6F58323E25A37BC22A701D66 /* Release */ = {
			isa = XCBuildConfiguration;
			baseConfigurationReference = B1B2C3D4E5F6789012345679 /* Config/Release.xcconfig */;
			buildSettings = {
				ASSETCATALOG_COMPILER_APPICON_NAME = AppIcon;
				CODE_SIGN_IDENTITY = "iPhone Developer";
				DEBUG_INFORMATION_FORMAT = "dwarf-with-dsym";
				INFOPLIST_FILE = IndigoInvestor/Info.plist;
				IPHONEOS_DEPLOYMENT_TARGET = 15.0;
				LD_RUNPATH_SEARCH_PATHS = (
					"$(inherited)",
					"@executable_path/Frameworks",
				);
				PRODUCT_BUNDLE_IDENTIFIER = com.indigo.investor;
				SDKROOT = iphoneos;
				SUPPORTS_MAC_DESIGNED_FOR_IPHONE_IPAD = YES;
				SWIFT_COMPILATION_MODE = wholemodule;
				SWIFT_OPTIMIZATION_LEVEL = "-O";
				TARGETED_DEVICE_FAMILY = "1,2";
			};
			name = Release;
		};
		B333C64A5BFED27D060EFCA7 /* Release */ = {
			isa = XCBuildConfiguration;
			baseConfigurationReference = B1B2C3D4E5F6789012345679 /* Config/Release.xcconfig */;
			buildSettings = {
				ALWAYS_SEARCH_USER_PATHS = NO;
				CLANG_ANALYZER_NONNULL = YES;
				CLANG_ANALYZER_NUMBER_OBJECT_CONVERSION = YES_AGGRESSIVE;
				CLANG_CXX_LANGUAGE_STANDARD = "gnu++14";
				CLANG_CXX_LIBRARY = "libc++";
				CLANG_ENABLE_MODULES = YES;
				CLANG_ENABLE_OBJC_ARC = YES;
				CLANG_ENABLE_OBJC_WEAK = YES;
				CLANG_WARN_BLOCK_CAPTURE_AUTORELEASING = YES;
				CLANG_WARN_BOOL_CONVERSION = YES;
				CLANG_WARN_COMMA = YES;
				CLANG_WARN_CONSTANT_CONVERSION = YES;
				CLANG_WARN_DEPRECATED_OBJC_IMPLEMENTATIONS = YES;
				CLANG_WARN_DIRECT_OBJC_ISA_USAGE = YES_ERROR;
				CLANG_WARN_DOCUMENTATION_COMMENTS = YES;
				CLANG_WARN_EMPTY_BODY = YES;
				CLANG_WARN_ENUM_CONVERSION = YES;
				CLANG_WARN_INFINITE_RECURSION = YES;
				CLANG_WARN_INT_CONVERSION = YES;
				CLANG_WARN_NON_LITERAL_NULL_CONVERSION = YES;
				CLANG_WARN_OBJC_IMPLICIT_RETAIN_SELF = YES;
				CLANG_WARN_OBJC_LITERAL_CONVERSION = YES;
				CLANG_WARN_OBJC_ROOT_CLASS = YES_ERROR;
				CLANG_WARN_QUOTED_INCLUDE_IN_FRAMEWORK_HEADER = YES;
				CLANG_WARN_RANGE_LOOP_ANALYSIS = YES;
				CLANG_WARN_STRICT_PROTOTYPES = YES;
				CLANG_WARN_SUSPICIOUS_MOVE = YES;
				CLANG_WARN_UNGUARDED_AVAILABILITY = YES_AGGRESSIVE;
				CLANG_WARN_UNREACHABLE_CODE = YES;
				CLANG_WARN__DUPLICATE_METHOD_MATCH = YES;
				CODE_SIGN_STYLE = Automatic;
				COPY_PHASE_STRIP = NO;
				CURRENT_PROJECT_VERSION = 1;
				DEBUG_INFORMATION_FORMAT = "dwarf-with-dsym";
				DEVELOPMENT_TEAM = "";
				ENABLE_BITCODE = NO;
				ENABLE_NS_ASSERTIONS = NO;
				ENABLE_STRICT_OBJC_MSGSEND = YES;
				GCC_C_LANGUAGE_STANDARD = gnu11;
				GCC_NO_COMMON_BLOCKS = YES;
				GCC_WARN_64_TO_32_BIT_CONVERSION = YES;
				GCC_WARN_ABOUT_RETURN_TYPE = YES_ERROR;
				GCC_WARN_UNDECLARED_SELECTOR = YES;
				GCC_WARN_UNINITIALIZED_AUTOS = YES_AGGRESSIVE;
				GCC_WARN_UNUSED_FUNCTION = YES;
				GCC_WARN_UNUSED_VARIABLE = YES;
				IPHONEOS_DEPLOYMENT_TARGET = 15.0;
				MARKETING_VERSION = 1.0.0;
				MTL_ENABLE_DEBUG_INFO = NO;
				MTL_FAST_MATH = YES;
				PRODUCT_NAME = IndigoInvestor;
				SDKROOT = iphoneos;
				SWIFT_COMPILATION_MODE = wholemodule;
				SWIFT_OPTIMIZATION_LEVEL = "-O";
				SWIFT_VERSION = 5.9;
				WATCHOS_DEPLOYMENT_TARGET = 9.0;
			};
			name = Release;
		};
		F2A7844863314711676B1566 /* Debug */ = {
			isa = XCBuildConfiguration;
			baseConfigurationReference = B1B2C3D4E5F6789012345678 /* Config/Debug.xcconfig */;
			buildSettings = {
				ASSETCATALOG_COMPILER_APPICON_NAME = AppIcon;
				CODE_SIGN_IDENTITY = "iPhone Developer";
				DEBUG_INFORMATION_FORMAT = dwarf;
				INFOPLIST_FILE = IndigoInvestor/Info.plist;
				IPHONEOS_DEPLOYMENT_TARGET = 15.0;
				LD_RUNPATH_SEARCH_PATHS = (
					"$(inherited)",
					"@executable_path/Frameworks",
				);
				PRODUCT_BUNDLE_IDENTIFIER = com.indigo.investor;
				SDKROOT = iphoneos;
				SUPPORTS_MAC_DESIGNED_FOR_IPHONE_IPAD = YES;
				SWIFT_COMPILATION_MODE = singlefile;
				SWIFT_OPTIMIZATION_LEVEL = "-Onone";
				TARGETED_DEVICE_FAMILY = "1,2";
			};
			name = Debug;
		};
/* End XCBuildConfiguration section */

/* Begin XCConfigurationList section */
		686E0881AC385E3AF25AC5F7 /* Build configuration list for PBXProject "IndigoInvestor" */ = {
			isa = XCConfigurationList;
			buildConfigurations = (
				0A3E897473A57DC070D45039 /* Debug */,
				B333C64A5BFED27D060EFCA7 /* Release */,
			);
			defaultConfigurationIsVisible = 0;
			defaultConfigurationName = Debug;
		};
		C1431E0CCD0EC16A330E94DD /* Build configuration list for PBXNativeTarget "IndigoInvestor" */ = {
			isa = XCConfigurationList;
			buildConfigurations = (
				F2A7844863314711676B1566 /* Debug */,
				6F58323E25A37BC22A701D66 /* Release */,
			);
			defaultConfigurationIsVisible = 0;
			defaultConfigurationName = Debug;
		};
/* End XCConfigurationList section */

/* Begin XCRemoteSwiftPackageReference section */
		180832E7A52735CF2E57C9BD /* XCRemoteSwiftPackageReference "Charts" */ = {
			isa = XCRemoteSwiftPackageReference;
			repositoryURL = "https://github.com/danielgindi/Charts";
			requirement = {
				kind = upToNextMajorVersion;
				minimumVersion = 5.0.0;
			};
		};
		73579FE95DA49CD72565B18E /* XCRemoteSwiftPackageReference "Kingfisher" */ = {
			isa = XCRemoteSwiftPackageReference;
			repositoryURL = "https://github.com/onevcat/Kingfisher";
			requirement = {
				kind = upToNextMajorVersion;
				minimumVersion = 7.10.0;
			};
		};
		7943423F7D4B897E758E9C86 /* XCRemoteSwiftPackageReference "KeychainAccess" */ = {
			isa = XCRemoteSwiftPackageReference;
			repositoryURL = "https://github.com/kishikawakatsumi/KeychainAccess";
			requirement = {
				kind = upToNextMajorVersion;
				minimumVersion = 4.2.2;
			};
		};
		87A5FA2FD1FB333BCF36D3D4 /* XCRemoteSwiftPackageReference "supabase-swift" */ = {
			isa = XCRemoteSwiftPackageReference;
			repositoryURL = "https://github.com/supabase/supabase-swift";
			requirement = {
				kind = upToNextMajorVersion;
				minimumVersion = 2.5.0;
			};
		};
/* End XCRemoteSwiftPackageReference section */

/* Begin XCSwiftPackageProductDependency section */
		3FBC6AEB837032081F74388B /* Kingfisher */ = {
			isa = XCSwiftPackageProductDependency;
			package = 73579FE95DA49CD72565B18E /* XCRemoteSwiftPackageReference "Kingfisher" */;
			productName = Kingfisher;
		};
		B4FE8087ECD88C6C2685D9E4 /* KeychainAccess */ = {
			isa = XCSwiftPackageProductDependency;
			package = 7943423F7D4B897E758E9C86 /* XCRemoteSwiftPackageReference "KeychainAccess" */;
			productName = KeychainAccess;
		};
		D7BC3BE765832F9C2DB15A80 /* Supabase */ = {
			isa = XCSwiftPackageProductDependency;
			package = 87A5FA2FD1FB333BCF36D3D4 /* XCRemoteSwiftPackageReference "supabase-swift" */;
			productName = Supabase;
		};
		E5A92F73298524719439669E /* DGCharts */ = {
			isa = XCSwiftPackageProductDependency;
			package = 180832E7A52735CF2E57C9BD /* XCRemoteSwiftPackageReference "Charts" */;
			productName = DGCharts;
		};
/* End XCSwiftPackageProductDependency section */
	};
	rootObject = E96F7260A8D80B351458192B /* Project object */;
}
